
Microsoft Visual Studio Solution File, Format Version 12.00
# Visual Studio Version 16
VisualStudioVersion = 16.0.31729.503
MinimumVisualStudioVersion = 10.0.40219.1
Project("{FAE04EC0-301F-11D3-BF4B-00C04F79EFBC}") = "Task02", "Task02\Task02.csproj", "{06B2B341-BB8F-4864-852A-E3A994642E0B}"
EndProject
Project("{FAE04EC0-301F-11D3-BF4B-00C04F79EFBC}") = "Task03", "Task03\Task03.csproj", "{B5E33C74-85F4-48FC-AB47-CE19D541281E}"
EndProject
Project("{FAE04EC0-301F-11D3-BF4B-00C04F79EFBC}") = "Task04_1", "Task04_1\Task04_1.csproj", "{735CE22A-7902-464A-8D7E-651F4BA83605}"
EndProject
Project("{FAE04EC0-301F-11D3-BF4B-00C04F79EFBC}") = "Task04_2", "Task04_2\Task04_2.csproj", "{E4DDE179-E716-4FCA-A7DC-D1C51F36D244}"
EndProject
Global
	GlobalSection(SolutionConfigurationPlatforms) = preSolution
		Debug|Any CPU = Debug|Any CPU
		Release|Any CPU = Release|Any CPU
	EndGlobalSection
	GlobalSection(ProjectConfigurationPlatforms) = postSolution
		{06B2B341-BB8F-4864-852A-E3A994642E0B}.Debug|Any CPU.ActiveCfg = Debug|Any CPU
		{06B2B341-BB8F-4864-852A-E3A994642E0B}.Debug|Any CPU.Build.0 = Debug|Any CPU
		{06B2B341-BB8F-4864-852A-E3A994642E0B}.Release|Any CPU.ActiveCfg = Release|Any CPU
		{06B2B341-BB8F-4864-852A-E3A994642E0B}.Release|Any CPU.Build.0 = Release|Any CPU
		{B5E33C74-85F4-48FC-AB47-CE19D541281E}.Debug|Any CPU.ActiveCfg = Debug|Any CPU
		{B5E33C74-85F4-48FC-AB47-CE19D541281E}.Debug|Any CPU.Build.0 = Debug|Any CPU
		{B5E33C74-85F4-48FC-AB47-CE19D541281E}.Release|Any CPU.ActiveCfg = Release|Any CPU
		{B5E33C74-85F4-48FC-AB47-CE19D541281E}.Release|Any CPU.Build.0 = Release|Any CPU
		{735CE22A-7902-464A-8D7E-651F4BA83605}.Debug|Any CPU.ActiveCfg = Debug|Any CPU
		{735CE22A-7902-464A-8D7E-651F4BA83605}.Debug|Any CPU.Build.0 = Debug|Any CPU
		{735CE22A-7902-464A-8D7E-651F4BA83605}.Release|Any CPU.ActiveCfg = Release|Any CPU
		{735CE22A-7902-464A-8D7E-651F4BA83605}.Release|Any CPU.Build.0 = Release|Any CPU
		{E4DDE179-E716-4FCA-A7DC-D1C51F36D244}.Debug|Any CPU.ActiveCfg = Debug|Any CPU
		{E4DDE179-E716-4FCA-A7DC-D1C51F36D244}.Debug|Any CPU.Build.0 = Debug|Any CPU
		{E4DDE179-E716-4FCA-A7DC-D1C51F36D244}.Release|Any CPU.ActiveCfg = Release|Any CPU
		{E4DDE179-E716-4FCA-A7DC-D1C51F36D244}.Release|Any CPU.Build.0 = Release|Any CPU
	EndGlobalSection
	GlobalSection(SolutionProperties) = preSolution
		HideSolutionNode = FALSE
	EndGlobalSection
	GlobalSection(ExtensibilityGlobals) = postSolution
		SolutionGuid = {D8AC7831-3DED-475B-A653-7527752BFBEF}
	EndGlobalSection
EndGlobal
