
Microsoft Visual Studio Solution File, Format Version 12.00
# Visual Studio Version 16
VisualStudioVersion = 16.0.31729.503
MinimumVisualStudioVersion = 10.0.40219.1
Project("{FAE04EC0-301F-11D3-BF4B-00C04F79EFBC}") = "Task02", "Task02\Task02.csproj", "{06B2B341-BB8F-4864-852A-E3A994642E0B}"
EndProject
Project("{FAE04EC0-301F-11D3-BF4B-00C04F79EFBC}") = "Task03", "Task03\Task03.csproj", "{B5E33C74-85F4-48FC-AB47-CE19D541281E}"
EndProject
Project("{FAE04EC0-301F-11D3-BF4B-00C04F79EFBC}") = "Task04_1", "Task04_1\Task04_1.csproj", "{735CE22A-7902-464A-8D7E-651F4BA83605}"
EndProject
Project("{FAE04EC0-301F-11D3-BF4B-00C04F79EFBC}") = "Task04_2", "Task04_2\Task04_2.csproj", "{E4DDE179-E716-4FCA-A7DC-D1C51F36D244}"
EndProject
Project("{FAE04EC0-301F-11D3-BF4B-00C04F79EFBC}") = "Task04_3", "Task04_3\Task04_3.csproj", "{728C4501-E9A9-425E-82F6-23B4E464D8FA}"
EndProject
Project("{FAE04EC0-301F-11D3-BF4B-00C04F79EFBC}") = "Task05_1", "Task05_1\Task05_1.csproj", "{CE4F1929-4419-4BFE-9EDC-896CC114C715}"
EndProject
Project("{FAE04EC0-301F-11D3-BF4B-00C04F79EFBC}") = "Task05_5", "Task05_5\Task05_5.csproj", "{FC9B532A-E014-494F-A1C9-48A5AC4F3E70}"
EndProject
Project("{FAE04EC0-301F-11D3-BF4B-00C04F79EFBC}") = "Task05_2", "Task05_2\Task05_2.csproj", "{BCC06139-1B46-412E-9647-5AB38E835432}"
EndProject
Project("{FAE04EC0-301F-11D3-BF4B-00C04F79EFBC}") = "Task05_3", "Task05_3\Task05_3.csproj", "{C7ED3529-EDB7-46C0-A138-EB439842E5B6}"
EndProject
Project("{FAE04EC0-301F-11D3-BF4B-00C04F79EFBC}") = "Task05_4", "Task05_4\Task05_4.csproj", "{EAB88D60-B7FD-4B9A-8436-B75657C2B2EA}"
EndProject
Project("{FAE04EC0-301F-11D3-BF4B-00C04F79EFBC}") = "Task06_1", "Task06_1\Task06_1.csproj", "{1A5AC226-D278-41A3-8B04-DBF162B24437}"
EndProject
Project("{FAE04EC0-301F-11D3-BF4B-00C04F79EFBC}") = "Task06_2", "Task06_2\Task06_2.csproj", "{50BF7C7A-D05D-4279-BDF8-81500A59C222}"
EndProject
Project("{FAE04EC0-301F-11D3-BF4B-00C04F79EFBC}") = "Task07_1", "Task07_1\Task07_1.csproj", "{01C28BA6-A5D1-4D9A-A6C2-502BAE9C65BF}"
EndProject
Project("{FAE04EC0-301F-11D3-BF4B-00C04F79EFBC}") = "Task07_2", "Task07_2\Task07_2.csproj", "{21BB32A9-E2AB-43B8-90E5-5C6B617C92BF}"
EndProject
Project("{FAE04EC0-301F-11D3-BF4B-00C04F79EFBC}") = "Task08_1", "Task08_1\Task08_1.csproj", "{7319E195-673F-433B-891B-DEE3F8480B3C}"
EndProject
Project("{FAE04EC0-301F-11D3-BF4B-00C04F79EFBC}") = "Task08_2", "Task08_2\Task08_2.csproj", "{117F414C-B43F-4249-B974-0FA2B6749059}"
EndProject
Project("{FAE04EC0-301F-11D3-BF4B-00C04F79EFBC}") = "Task09", "Task09\Task09.csproj", "{C2B576A6-0FC8-4225-96FE-FE46A39EC765}"
EndProject
Project("{FAE04EC0-301F-11D3-BF4B-00C04F79EFBC}") = "Task10", "Task10\Task10.csproj", "{30B4E079-A279-4C13-B5B7-85F7E3B3BB45}"
EndProject
Project("{FAE04EC0-301F-11D3-BF4B-00C04F79EFBC}") = "Task11", "Task11\Task11.csproj", "{8A553B91-61C5-49E0-BCB7-93374BBF8C36}"
EndProject
Global
	GlobalSection(SolutionConfigurationPlatforms) = preSolution
		Debug|Any CPU = Debug|Any CPU
		Release|Any CPU = Release|Any CPU
	EndGlobalSection
	GlobalSection(ProjectConfigurationPlatforms) = postSolution
		{06B2B341-BB8F-4864-852A-E3A994642E0B}.Debug|Any CPU.ActiveCfg = Debug|Any CPU
		{06B2B341-BB8F-4864-852A-E3A994642E0B}.Debug|Any CPU.Build.0 = Debug|Any CPU
		{06B2B341-BB8F-4864-852A-E3A994642E0B}.Release|Any CPU.ActiveCfg = Release|Any CPU
		{06B2B341-BB8F-4864-852A-E3A994642E0B}.Release|Any CPU.Build.0 = Release|Any CPU
		{B5E33C74-85F4-48FC-AB47-CE19D541281E}.Debug|Any CPU.ActiveCfg = Debug|Any CPU
		{B5E33C74-85F4-48FC-AB47-CE19D541281E}.Debug|Any CPU.Build.0 = Debug|Any CPU
		{B5E33C74-85F4-48FC-AB47-CE19D541281E}.Release|Any CPU.ActiveCfg = Release|Any CPU
		{B5E33C74-85F4-48FC-AB47-CE19D541281E}.Release|Any CPU.Build.0 = Release|Any CPU
		{735CE22A-7902-464A-8D7E-651F4BA83605}.Debug|Any CPU.ActiveCfg = Debug|Any CPU
		{735CE22A-7902-464A-8D7E-651F4BA83605}.Debug|Any CPU.Build.0 = Debug|Any CPU
		{735CE22A-7902-464A-8D7E-651F4BA83605}.Release|Any CPU.ActiveCfg = Release|Any CPU
		{735CE22A-7902-464A-8D7E-651F4BA83605}.Release|Any CPU.Build.0 = Release|Any CPU
		{E4DDE179-E716-4FCA-A7DC-D1C51F36D244}.Debug|Any CPU.ActiveCfg = Debug|Any CPU
		{E4DDE179-E716-4FCA-A7DC-D1C51F36D244}.Debug|Any CPU.Build.0 = Debug|Any CPU
		{E4DDE179-E716-4FCA-A7DC-D1C51F36D244}.Release|Any CPU.ActiveCfg = Release|Any CPU
		{E4DDE179-E716-4FCA-A7DC-D1C51F36D244}.Release|Any CPU.Build.0 = Release|Any CPU
		{728C4501-E9A9-425E-82F6-23B4E464D8FA}.Debug|Any CPU.ActiveCfg = Debug|Any CPU
		{728C4501-E9A9-425E-82F6-23B4E464D8FA}.Debug|Any CPU.Build.0 = Debug|Any CPU
		{728C4501-E9A9-425E-82F6-23B4E464D8FA}.Release|Any CPU.ActiveCfg = Release|Any CPU
		{728C4501-E9A9-425E-82F6-23B4E464D8FA}.Release|Any CPU.Build.0 = Release|Any CPU
		{CE4F1929-4419-4BFE-9EDC-896CC114C715}.Debug|Any CPU.ActiveCfg = Debug|Any CPU
		{CE4F1929-4419-4BFE-9EDC-896CC114C715}.Debug|Any CPU.Build.0 = Debug|Any CPU
		{CE4F1929-4419-4BFE-9EDC-896CC114C715}.Release|Any CPU.ActiveCfg = Release|Any CPU
		{CE4F1929-4419-4BFE-9EDC-896CC114C715}.Release|Any CPU.Build.0 = Release|Any CPU
		{FC9B532A-E014-494F-A1C9-48A5AC4F3E70}.Debug|Any CPU.ActiveCfg = Debug|Any CPU
		{FC9B532A-E014-494F-A1C9-48A5AC4F3E70}.Debug|Any CPU.Build.0 = Debug|Any CPU
		{FC9B532A-E014-494F-A1C9-48A5AC4F3E70}.Release|Any CPU.ActiveCfg = Release|Any CPU
		{FC9B532A-E014-494F-A1C9-48A5AC4F3E70}.Release|Any CPU.Build.0 = Release|Any CPU
		{BCC06139-1B46-412E-9647-5AB38E835432}.Debug|Any CPU.ActiveCfg = Debug|Any CPU
		{BCC06139-1B46-412E-9647-5AB38E835432}.Debug|Any CPU.Build.0 = Debug|Any CPU
		{BCC06139-1B46-412E-9647-5AB38E835432}.Release|Any CPU.ActiveCfg = Release|Any CPU
		{BCC06139-1B46-412E-9647-5AB38E835432}.Release|Any CPU.Build.0 = Release|Any CPU
		{C7ED3529-EDB7-46C0-A138-EB439842E5B6}.Debug|Any CPU.ActiveCfg = Debug|Any CPU
		{C7ED3529-EDB7-46C0-A138-EB439842E5B6}.Debug|Any CPU.Build.0 = Debug|Any CPU
		{C7ED3529-EDB7-46C0-A138-EB439842E5B6}.Release|Any CPU.ActiveCfg = Release|Any CPU
		{C7ED3529-EDB7-46C0-A138-EB439842E5B6}.Release|Any CPU.Build.0 = Release|Any CPU
		{EAB88D60-B7FD-4B9A-8436-B75657C2B2EA}.Debug|Any CPU.ActiveCfg = Debug|Any CPU
		{EAB88D60-B7FD-4B9A-8436-B75657C2B2EA}.Debug|Any CPU.Build.0 = Debug|Any CPU
		{EAB88D60-B7FD-4B9A-8436-B75657C2B2EA}.Release|Any CPU.ActiveCfg = Release|Any CPU
		{EAB88D60-B7FD-4B9A-8436-B75657C2B2EA}.Release|Any CPU.Build.0 = Release|Any CPU
		{1A5AC226-D278-41A3-8B04-DBF162B24437}.Debug|Any CPU.ActiveCfg = Debug|Any CPU
		{1A5AC226-D278-41A3-8B04-DBF162B24437}.Debug|Any CPU.Build.0 = Debug|Any CPU
		{1A5AC226-D278-41A3-8B04-DBF162B24437}.Release|Any CPU.ActiveCfg = Release|Any CPU
		{1A5AC226-D278-41A3-8B04-DBF162B24437}.Release|Any CPU.Build.0 = Release|Any CPU
		{50BF7C7A-D05D-4279-BDF8-81500A59C222}.Debug|Any CPU.ActiveCfg = Debug|Any CPU
		{50BF7C7A-D05D-4279-BDF8-81500A59C222}.Debug|Any CPU.Build.0 = Debug|Any CPU
		{50BF7C7A-D05D-4279-BDF8-81500A59C222}.Release|Any CPU.ActiveCfg = Release|Any CPU
		{50BF7C7A-D05D-4279-BDF8-81500A59C222}.Release|Any CPU.Build.0 = Release|Any CPU
		{01C28BA6-A5D1-4D9A-A6C2-502BAE9C65BF}.Debug|Any CPU.ActiveCfg = Debug|Any CPU
		{01C28BA6-A5D1-4D9A-A6C2-502BAE9C65BF}.Debug|Any CPU.Build.0 = Debug|Any CPU
		{01C28BA6-A5D1-4D9A-A6C2-502BAE9C65BF}.Release|Any CPU.ActiveCfg = Release|Any CPU
		{01C28BA6-A5D1-4D9A-A6C2-502BAE9C65BF}.Release|Any CPU.Build.0 = Release|Any CPU
		{21BB32A9-E2AB-43B8-90E5-5C6B617C92BF}.Debug|Any CPU.ActiveCfg = Debug|Any CPU
		{21BB32A9-E2AB-43B8-90E5-5C6B617C92BF}.Debug|Any CPU.Build.0 = Debug|Any CPU
		{21BB32A9-E2AB-43B8-90E5-5C6B617C92BF}.Release|Any CPU.ActiveCfg = Release|Any CPU
		{21BB32A9-E2AB-43B8-90E5-5C6B617C92BF}.Release|Any CPU.Build.0 = Release|Any CPU
		{7319E195-673F-433B-891B-DEE3F8480B3C}.Debug|Any CPU.ActiveCfg = Debug|Any CPU
		{7319E195-673F-433B-891B-DEE3F8480B3C}.Debug|Any CPU.Build.0 = Debug|Any CPU
		{7319E195-673F-433B-891B-DEE3F8480B3C}.Release|Any CPU.ActiveCfg = Release|Any CPU
		{7319E195-673F-433B-891B-DEE3F8480B3C}.Release|Any CPU.Build.0 = Release|Any CPU
		{117F414C-B43F-4249-B974-0FA2B6749059}.Debug|Any CPU.ActiveCfg = Debug|Any CPU
		{117F414C-B43F-4249-B974-0FA2B6749059}.Debug|Any CPU.Build.0 = Debug|Any CPU
		{117F414C-B43F-4249-B974-0FA2B6749059}.Release|Any CPU.ActiveCfg = Release|Any CPU
		{117F414C-B43F-4249-B974-0FA2B6749059}.Release|Any CPU.Build.0 = Release|Any CPU
		{C2B576A6-0FC8-4225-96FE-FE46A39EC765}.Debug|Any CPU.ActiveCfg = Debug|Any CPU
		{C2B576A6-0FC8-4225-96FE-FE46A39EC765}.Debug|Any CPU.Build.0 = Debug|Any CPU
		{C2B576A6-0FC8-4225-96FE-FE46A39EC765}.Release|Any CPU.ActiveCfg = Release|Any CPU
		{C2B576A6-0FC8-4225-96FE-FE46A39EC765}.Release|Any CPU.Build.0 = Release|Any CPU
		{30B4E079-A279-4C13-B5B7-85F7E3B3BB45}.Debug|Any CPU.ActiveCfg = Debug|Any CPU
		{30B4E079-A279-4C13-B5B7-85F7E3B3BB45}.Debug|Any CPU.Build.0 = Debug|Any CPU
		{30B4E079-A279-4C13-B5B7-85F7E3B3BB45}.Release|Any CPU.ActiveCfg = Release|Any CPU
		{30B4E079-A279-4C13-B5B7-85F7E3B3BB45}.Release|Any CPU.Build.0 = Release|Any CPU
		{8A553B91-61C5-49E0-BCB7-93374BBF8C36}.Debug|Any CPU.ActiveCfg = Debug|Any CPU
		{8A553B91-61C5-49E0-BCB7-93374BBF8C36}.Debug|Any CPU.Build.0 = Debug|Any CPU
		{8A553B91-61C5-49E0-BCB7-93374BBF8C36}.Release|Any CPU.ActiveCfg = Release|Any CPU
		{8A553B91-61C5-49E0-BCB7-93374BBF8C36}.Release|Any CPU.Build.0 = Release|Any CPU
	EndGlobalSection
	GlobalSection(SolutionProperties) = preSolution
		HideSolutionNode = FALSE
	EndGlobalSection
	GlobalSection(ExtensibilityGlobals) = postSolution
		SolutionGuid = {D8AC7831-3DED-475B-A653-7527752BFBEF}
	EndGlobalSection
EndGlobal
